
Microsoft Visual Studio Solution File, Format Version 12.00
# Visual Studio 15
VisualStudioVersion = 15.0.28307.902
MinimumVisualStudioVersion = 10.0.40219.1
Project("{FAE04EC0-301F-11D3-BF4B-00C04F79EFBC}") = "MapTask", "App\MapTask.csproj", "{1BC3F854-1E58-4EA6-B4AC-1FFC8836E7D0}"
EndProject
Project("{FAE04EC0-301F-11D3-BF4B-00C04F79EFBC}") = "MapTaskInterfaces", "MapTaskInterfaces\MapTaskInterfaces.csproj", "{68AD6E74-58DD-4B22-9FDF-80165BAB2ADD}"
EndProject
Project("{FAE04EC0-301F-11D3-BF4B-00C04F79EFBC}") = "MapTask.Core", "MapTask.Core\MapTask.Core.csproj", "{13FD5AEC-9F4D-46D8-897E-670000DDA170}"
EndProject
Project("{FAE04EC0-301F-11D3-BF4B-00C04F79EFBC}") = "MapTestProject", "MapTestProject\MapTestProject.csproj", "{8C31449E-C1B0-48C1-8A55-8227DA20A51C}"
EndProject
Global
	GlobalSection(SolutionConfigurationPlatforms) = preSolution
		Debug|Any CPU = Debug|Any CPU
		Release|Any CPU = Release|Any CPU
	EndGlobalSection
	GlobalSection(ProjectConfigurationPlatforms) = postSolution
		{1BC3F854-1E58-4EA6-B4AC-1FFC8836E7D0}.Debug|Any CPU.ActiveCfg = Debug|Any CPU
		{1BC3F854-1E58-4EA6-B4AC-1FFC8836E7D0}.Debug|Any CPU.Build.0 = Debug|Any CPU
		{1BC3F854-1E58-4EA6-B4AC-1FFC8836E7D0}.Release|Any CPU.ActiveCfg = Release|Any CPU
		{1BC3F854-1E58-4EA6-B4AC-1FFC8836E7D0}.Release|Any CPU.Build.0 = Release|Any CPU
		{68AD6E74-58DD-4B22-9FDF-80165BAB2ADD}.Debug|Any CPU.ActiveCfg = Debug|Any CPU
		{68AD6E74-58DD-4B22-9FDF-80165BAB2ADD}.Debug|Any CPU.Build.0 = Debug|Any CPU
		{68AD6E74-58DD-4B22-9FDF-80165BAB2ADD}.Release|Any CPU.ActiveCfg = Release|Any CPU
		{68AD6E74-58DD-4B22-9FDF-80165BAB2ADD}.Release|Any CPU.Build.0 = Release|Any CPU
		{13FD5AEC-9F4D-46D8-897E-670000DDA170}.Debug|Any CPU.ActiveCfg = Debug|Any CPU
		{13FD5AEC-9F4D-46D8-897E-670000DDA170}.Debug|Any CPU.Build.0 = Debug|Any CPU
		{13FD5AEC-9F4D-46D8-897E-670000DDA170}.Release|Any CPU.ActiveCfg = Release|Any CPU
		{13FD5AEC-9F4D-46D8-897E-670000DDA170}.Release|Any CPU.Build.0 = Release|Any CPU
		{8C31449E-C1B0-48C1-8A55-8227DA20A51C}.Debug|Any CPU.ActiveCfg = Debug|Any CPU
		{8C31449E-C1B0-48C1-8A55-8227DA20A51C}.Debug|Any CPU.Build.0 = Debug|Any CPU
		{8C31449E-C1B0-48C1-8A55-8227DA20A51C}.Release|Any CPU.ActiveCfg = Release|Any CPU
		{8C31449E-C1B0-48C1-8A55-8227DA20A51C}.Release|Any CPU.Build.0 = Release|Any CPU
	EndGlobalSection
	GlobalSection(SolutionProperties) = preSolution
		HideSolutionNode = FALSE
	EndGlobalSection
	GlobalSection(ExtensibilityGlobals) = postSolution
		SolutionGuid = {C6597FF5-C3C6-4781-A899-E89206900F80}
	EndGlobalSection
EndGlobal
